
Microsoft Visual Studio Solution File, Format Version 12.00
# Visual Studio Version 16
VisualStudioVersion = 16.0.29324.140
MinimumVisualStudioVersion = 10.0.40219.1
Project("{FAE04EC0-301F-11D3-BF4B-00C04F79EFBC}") = "ImageProject", "ImageProject\ImageProject.csproj", "{3EED15AB-6AFC-411C-A414-7FBE5890BA5D}"
EndProject
Project("{9A19103F-16F7-4668-BE54-9A1E7A4F7556}") = "ImageLib", "ImageLib\ImageLib.csproj", "{46DAB615-5578-4C28-A3C8-328D1807B326}"
EndProject
Project("{FAE04EC0-301F-11D3-BF4B-00C04F79EFBC}") = "Test", "Test\Test.csproj", "{0FD0CC2E-3B9F-42DF-AEC6-3580CF387AA9}"
EndProject
Project("{9A19103F-16F7-4668-BE54-9A1E7A4F7556}") = "CV", "CV\CV.csproj", "{0B05490C-36C0-4E11-B2DA-5514B966B7AA}"
EndProject
Project("{FAE04EC0-301F-11D3-BF4B-00C04F79EFBC}") = "NETFramework", "NETFramework\NETFramework.csproj", "{B15E3CCF-2259-4780-94B2-88E9064CD0D0}"
EndProject
Project("{9A19103F-16F7-4668-BE54-9A1E7A4F7556}") = "ImageView", "ImageView\ImageView.csproj", "{5598E715-CBB5-4D26-88FD-AF7347438A13}"
EndProject
Project("{9A19103F-16F7-4668-BE54-9A1E7A4F7556}") = "ClassLibrary1", "ClassLibrary1\ClassLibrary1.csproj", "{33DED96C-4D2A-40F6-B601-F79D4B191F37}"
EndProject
Project("{9A19103F-16F7-4668-BE54-9A1E7A4F7556}") = "NIRS", "ClassLibrary2\NIRS.csproj", "{7FDA8D60-B9E0-421E-B7E8-07AC065A8CBD}"
EndProject
Project("{9A19103F-16F7-4668-BE54-9A1E7A4F7556}") = "OpenCVSupport", "OpenCVSupport\OpenCVSupport.csproj", "{2BE79234-739F-4104-936F-E7B280A6F487}"
EndProject
Project("{9A19103F-16F7-4668-BE54-9A1E7A4F7556}") = "CVMethods", "CVMethods\CVMethods.csproj", "{ABBBEB5F-9419-4781-B587-04DDF0CF5484}"
EndProject
Project("{9A19103F-16F7-4668-BE54-9A1E7A4F7556}") = "XUnitTestProject1", "XUnitTestProject1\XUnitTestProject1.csproj", "{5411212D-E265-4217-A96A-47E0E10C3577}"
EndProject
Project("{9A19103F-16F7-4668-BE54-9A1E7A4F7556}") = "ClassLibrary3", "ClassLibrary3\ClassLibrary3.csproj", "{85C8214D-73F0-49AD-8007-4957F4BE3FDF}"
EndProject
Project("{9A19103F-16F7-4668-BE54-9A1E7A4F7556}") = "CodeTest", "CodeTest\CodeTest.csproj", "{98A6B51B-693F-4F69-8227-555C045B3965}"
EndProject
Project("{9A19103F-16F7-4668-BE54-9A1E7A4F7556}") = "ScriptLibrary", "ScriptLibrary\ScriptLibrary.csproj", "{C951C159-482E-4957-B852-34B23779F812}"
EndProject
Project("{9A19103F-16F7-4668-BE54-9A1E7A4F7556}") = "ModelView", "ModelView\ModelView.csproj", "{31C0D77C-0016-42A7-98DA-ECB5EC2217A9}"
EndProject
Project("{9A19103F-16F7-4668-BE54-9A1E7A4F7556}") = "ModelBase", "ModelBase\ModelBase.csproj", "{319FED08-1183-4D5B-AB75-5A82EC8BC5B2}"
EndProject
Project("{9A19103F-16F7-4668-BE54-9A1E7A4F7556}") = "Utils", "Utils\Utils.csproj", "{1F81ABB4-2AC8-48A5-9E9C-C2DA0577A257}"
EndProject
Project("{2150E333-8FDC-42A3-9474-1A3956D46DE8}") = "CourseWork", "CourseWork", "{58DE1A79-DDFB-4EBE-8F2B-B5C6FC30B022}"
EndProject
Project("{2150E333-8FDC-42A3-9474-1A3956D46DE8}") = "NIRS", "NIRS", "{4A93375C-7079-4EF1-B397-E8B94BF8CE19}"
EndProject
Project("{2150E333-8FDC-42A3-9474-1A3956D46DE8}") = "SharedWinForms", "SharedWinForms", "{18B2F4E9-5D23-4120-9F2A-7ACE461FD400}"
EndProject
Project("{D954291E-2A0B-460D-934E-DC6B0785DB48}") = "WinFormsPlatform", "WinFormsPlatform\WinFormsPlatform.shproj", "{EE4E7473-F9F8-4DEA-B610-0B9E2F5CCFFB}"
EndProject
Project("{2150E333-8FDC-42A3-9474-1A3956D46DE8}") = "Core", "Core", "{44C868FD-0568-4C97-B9D8-68C670FCEB92}"
EndProject
Project("{2150E333-8FDC-42A3-9474-1A3956D46DE8}") = "Plugins", "Plugins", "{8D69ABCB-1E55-43F9-B18D-065FF499119A}"
EndProject
Project("{2150E333-8FDC-42A3-9474-1A3956D46DE8}") = "Plugins", "Plugins", "{57EAF2E2-8A30-423E-B4BE-288920177D13}"
EndProject
Project("{D954291E-2A0B-460D-934E-DC6B0785DB48}") = "WinFormsScripting", "C:\Users\GerFern\source\repos\ImageProject\WinFormsScripting\WinFormsScripting.shproj", "{AFB11ED5-DC93-4106-957E-56DD4D8C5233}"
EndProject
Project("{2150E333-8FDC-42A3-9474-1A3956D46DE8}") = "Platforms", "Platforms", "{D7BEFD75-CC41-4427-980F-A065E095B92A}"
EndProject
Project("{FAE04EC0-301F-11D3-BF4B-00C04F79EFBC}") = "WinFormsImpl", "WinFormsImpl\WinFormsImpl.csproj", "{6A3998E2-3AAA-4711-AEDB-99A346477EBB}"
EndProject
Project("{9A19103F-16F7-4668-BE54-9A1E7A4F7556}") = "AvaloniaSupport", "AvaloniaSupport\AvaloniaSupport.csproj", "{18763E1E-34DE-434D-91DA-19BBF7222BEC}"
EndProject
Global
	GlobalSection(SharedMSBuildProjectFiles) = preSolution
		C:\Users\GerFern\source\repos\ImageProject\WinFormsScripting\WinFormsScripting.projitems*{31c0d77c-0016-42a7-98da-ecb5ec2217a9}*SharedItemsImports = 5
		WinFormsPlatform\WinFormsPlatform.projitems*{31c0d77c-0016-42a7-98da-ecb5ec2217a9}*SharedItemsImports = 5
		C:\Users\GerFern\source\repos\ImageProject\WinFormsScripting\WinFormsScripting.projitems*{5598e715-cbb5-4d26-88fd-af7347438a13}*SharedItemsImports = 5
		WinFormsPlatform\WinFormsPlatform.projitems*{5598e715-cbb5-4d26-88fd-af7347438a13}*SharedItemsImports = 5
		C:\Users\GerFern\source\repos\ImageProject\WinFormsScripting\WinFormsScripting.projitems*{afb11ed5-dc93-4106-957e-56dd4d8c5233}*SharedItemsImports = 13
		WinFormsPlatform\WinFormsPlatform.projitems*{ee4e7473-f9f8-4dea-b610-0b9e2f5ccffb}*SharedItemsImports = 13
	EndGlobalSection
	GlobalSection(SolutionConfigurationPlatforms) = preSolution
		Debug|Any CPU = Debug|Any CPU
		Release|Any CPU = Release|Any CPU
	EndGlobalSection
	GlobalSection(ProjectConfigurationPlatforms) = postSolution
		{3EED15AB-6AFC-411C-A414-7FBE5890BA5D}.Debug|Any CPU.ActiveCfg = Debug|Any CPU
		{3EED15AB-6AFC-411C-A414-7FBE5890BA5D}.Debug|Any CPU.Build.0 = Debug|Any CPU
		{3EED15AB-6AFC-411C-A414-7FBE5890BA5D}.Release|Any CPU.ActiveCfg = Release|Any CPU
		{3EED15AB-6AFC-411C-A414-7FBE5890BA5D}.Release|Any CPU.Build.0 = Release|Any CPU
		{46DAB615-5578-4C28-A3C8-328D1807B326}.Debug|Any CPU.ActiveCfg = Debug|Any CPU
		{46DAB615-5578-4C28-A3C8-328D1807B326}.Debug|Any CPU.Build.0 = Debug|Any CPU
		{46DAB615-5578-4C28-A3C8-328D1807B326}.Release|Any CPU.ActiveCfg = Release|Any CPU
		{46DAB615-5578-4C28-A3C8-328D1807B326}.Release|Any CPU.Build.0 = Release|Any CPU
		{0FD0CC2E-3B9F-42DF-AEC6-3580CF387AA9}.Debug|Any CPU.ActiveCfg = Debug|Any CPU
		{0FD0CC2E-3B9F-42DF-AEC6-3580CF387AA9}.Debug|Any CPU.Build.0 = Debug|Any CPU
		{0FD0CC2E-3B9F-42DF-AEC6-3580CF387AA9}.Release|Any CPU.ActiveCfg = Release|Any CPU
		{0FD0CC2E-3B9F-42DF-AEC6-3580CF387AA9}.Release|Any CPU.Build.0 = Release|Any CPU
		{0B05490C-36C0-4E11-B2DA-5514B966B7AA}.Debug|Any CPU.ActiveCfg = Debug|Any CPU
		{0B05490C-36C0-4E11-B2DA-5514B966B7AA}.Debug|Any CPU.Build.0 = Debug|Any CPU
		{0B05490C-36C0-4E11-B2DA-5514B966B7AA}.Release|Any CPU.ActiveCfg = Release|Any CPU
		{0B05490C-36C0-4E11-B2DA-5514B966B7AA}.Release|Any CPU.Build.0 = Release|Any CPU
		{B15E3CCF-2259-4780-94B2-88E9064CD0D0}.Debug|Any CPU.ActiveCfg = Debug|Any CPU
		{B15E3CCF-2259-4780-94B2-88E9064CD0D0}.Debug|Any CPU.Build.0 = Debug|Any CPU
		{B15E3CCF-2259-4780-94B2-88E9064CD0D0}.Release|Any CPU.ActiveCfg = Release|Any CPU
		{B15E3CCF-2259-4780-94B2-88E9064CD0D0}.Release|Any CPU.Build.0 = Release|Any CPU
		{5598E715-CBB5-4D26-88FD-AF7347438A13}.Debug|Any CPU.ActiveCfg = Debug|Any CPU
		{5598E715-CBB5-4D26-88FD-AF7347438A13}.Debug|Any CPU.Build.0 = Debug|Any CPU
		{5598E715-CBB5-4D26-88FD-AF7347438A13}.Release|Any CPU.ActiveCfg = Release|Any CPU
		{5598E715-CBB5-4D26-88FD-AF7347438A13}.Release|Any CPU.Build.0 = Release|Any CPU
		{33DED96C-4D2A-40F6-B601-F79D4B191F37}.Debug|Any CPU.ActiveCfg = Debug|Any CPU
		{33DED96C-4D2A-40F6-B601-F79D4B191F37}.Debug|Any CPU.Build.0 = Debug|Any CPU
		{33DED96C-4D2A-40F6-B601-F79D4B191F37}.Release|Any CPU.ActiveCfg = Release|Any CPU
		{33DED96C-4D2A-40F6-B601-F79D4B191F37}.Release|Any CPU.Build.0 = Release|Any CPU
		{7FDA8D60-B9E0-421E-B7E8-07AC065A8CBD}.Debug|Any CPU.ActiveCfg = Debug|Any CPU
		{7FDA8D60-B9E0-421E-B7E8-07AC065A8CBD}.Debug|Any CPU.Build.0 = Debug|Any CPU
		{7FDA8D60-B9E0-421E-B7E8-07AC065A8CBD}.Release|Any CPU.ActiveCfg = Release|Any CPU
		{7FDA8D60-B9E0-421E-B7E8-07AC065A8CBD}.Release|Any CPU.Build.0 = Release|Any CPU
		{2BE79234-739F-4104-936F-E7B280A6F487}.Debug|Any CPU.ActiveCfg = Debug|Any CPU
		{2BE79234-739F-4104-936F-E7B280A6F487}.Debug|Any CPU.Build.0 = Debug|Any CPU
		{2BE79234-739F-4104-936F-E7B280A6F487}.Release|Any CPU.ActiveCfg = Release|Any CPU
		{2BE79234-739F-4104-936F-E7B280A6F487}.Release|Any CPU.Build.0 = Release|Any CPU
		{ABBBEB5F-9419-4781-B587-04DDF0CF5484}.Debug|Any CPU.ActiveCfg = Debug|Any CPU
		{ABBBEB5F-9419-4781-B587-04DDF0CF5484}.Debug|Any CPU.Build.0 = Debug|Any CPU
		{ABBBEB5F-9419-4781-B587-04DDF0CF5484}.Release|Any CPU.ActiveCfg = Release|Any CPU
		{ABBBEB5F-9419-4781-B587-04DDF0CF5484}.Release|Any CPU.Build.0 = Release|Any CPU
		{5411212D-E265-4217-A96A-47E0E10C3577}.Debug|Any CPU.ActiveCfg = Debug|Any CPU
		{5411212D-E265-4217-A96A-47E0E10C3577}.Debug|Any CPU.Build.0 = Debug|Any CPU
		{5411212D-E265-4217-A96A-47E0E10C3577}.Release|Any CPU.ActiveCfg = Release|Any CPU
		{5411212D-E265-4217-A96A-47E0E10C3577}.Release|Any CPU.Build.0 = Release|Any CPU
		{85C8214D-73F0-49AD-8007-4957F4BE3FDF}.Debug|Any CPU.ActiveCfg = Debug|Any CPU
		{85C8214D-73F0-49AD-8007-4957F4BE3FDF}.Debug|Any CPU.Build.0 = Debug|Any CPU
		{85C8214D-73F0-49AD-8007-4957F4BE3FDF}.Release|Any CPU.ActiveCfg = Release|Any CPU
		{85C8214D-73F0-49AD-8007-4957F4BE3FDF}.Release|Any CPU.Build.0 = Release|Any CPU
		{98A6B51B-693F-4F69-8227-555C045B3965}.Debug|Any CPU.ActiveCfg = Debug|Any CPU
		{98A6B51B-693F-4F69-8227-555C045B3965}.Debug|Any CPU.Build.0 = Debug|Any CPU
		{98A6B51B-693F-4F69-8227-555C045B3965}.Release|Any CPU.ActiveCfg = Release|Any CPU
		{98A6B51B-693F-4F69-8227-555C045B3965}.Release|Any CPU.Build.0 = Release|Any CPU
		{C951C159-482E-4957-B852-34B23779F812}.Debug|Any CPU.ActiveCfg = Debug|Any CPU
		{C951C159-482E-4957-B852-34B23779F812}.Debug|Any CPU.Build.0 = Debug|Any CPU
		{C951C159-482E-4957-B852-34B23779F812}.Release|Any CPU.ActiveCfg = Release|Any CPU
		{C951C159-482E-4957-B852-34B23779F812}.Release|Any CPU.Build.0 = Release|Any CPU
		{31C0D77C-0016-42A7-98DA-ECB5EC2217A9}.Debug|Any CPU.ActiveCfg = Debug|Any CPU
		{31C0D77C-0016-42A7-98DA-ECB5EC2217A9}.Debug|Any CPU.Build.0 = Debug|Any CPU
		{31C0D77C-0016-42A7-98DA-ECB5EC2217A9}.Release|Any CPU.ActiveCfg = Release|Any CPU
		{31C0D77C-0016-42A7-98DA-ECB5EC2217A9}.Release|Any CPU.Build.0 = Release|Any CPU
		{319FED08-1183-4D5B-AB75-5A82EC8BC5B2}.Debug|Any CPU.ActiveCfg = Debug|Any CPU
		{319FED08-1183-4D5B-AB75-5A82EC8BC5B2}.Debug|Any CPU.Build.0 = Debug|Any CPU
		{319FED08-1183-4D5B-AB75-5A82EC8BC5B2}.Release|Any CPU.ActiveCfg = Release|Any CPU
		{319FED08-1183-4D5B-AB75-5A82EC8BC5B2}.Release|Any CPU.Build.0 = Release|Any CPU
		{1F81ABB4-2AC8-48A5-9E9C-C2DA0577A257}.Debug|Any CPU.ActiveCfg = Debug|Any CPU
		{1F81ABB4-2AC8-48A5-9E9C-C2DA0577A257}.Debug|Any CPU.Build.0 = Debug|Any CPU
		{1F81ABB4-2AC8-48A5-9E9C-C2DA0577A257}.Release|Any CPU.ActiveCfg = Release|Any CPU
		{1F81ABB4-2AC8-48A5-9E9C-C2DA0577A257}.Release|Any CPU.Build.0 = Release|Any CPU
		{6A3998E2-3AAA-4711-AEDB-99A346477EBB}.Debug|Any CPU.ActiveCfg = Debug|Any CPU
		{6A3998E2-3AAA-4711-AEDB-99A346477EBB}.Debug|Any CPU.Build.0 = Debug|Any CPU
		{6A3998E2-3AAA-4711-AEDB-99A346477EBB}.Release|Any CPU.ActiveCfg = Release|Any CPU
		{6A3998E2-3AAA-4711-AEDB-99A346477EBB}.Release|Any CPU.Build.0 = Release|Any CPU
		{18763E1E-34DE-434D-91DA-19BBF7222BEC}.Debug|Any CPU.ActiveCfg = Debug|Any CPU
		{18763E1E-34DE-434D-91DA-19BBF7222BEC}.Debug|Any CPU.Build.0 = Debug|Any CPU
		{18763E1E-34DE-434D-91DA-19BBF7222BEC}.Release|Any CPU.ActiveCfg = Release|Any CPU
		{18763E1E-34DE-434D-91DA-19BBF7222BEC}.Release|Any CPU.Build.0 = Release|Any CPU
	EndGlobalSection
	GlobalSection(SolutionProperties) = preSolution
		HideSolutionNode = FALSE
	EndGlobalSection
	GlobalSection(NestedProjects) = preSolution
		{46DAB615-5578-4C28-A3C8-328D1807B326} = {44C868FD-0568-4C97-B9D8-68C670FCEB92}
		{B15E3CCF-2259-4780-94B2-88E9064CD0D0} = {4A93375C-7079-4EF1-B397-E8B94BF8CE19}
		{5598E715-CBB5-4D26-88FD-AF7347438A13} = {4A93375C-7079-4EF1-B397-E8B94BF8CE19}
		{33DED96C-4D2A-40F6-B601-F79D4B191F37} = {8D69ABCB-1E55-43F9-B18D-065FF499119A}
		{7FDA8D60-B9E0-421E-B7E8-07AC065A8CBD} = {8D69ABCB-1E55-43F9-B18D-065FF499119A}
		{2BE79234-739F-4104-936F-E7B280A6F487} = {57EAF2E2-8A30-423E-B4BE-288920177D13}
		{5411212D-E265-4217-A96A-47E0E10C3577} = {44C868FD-0568-4C97-B9D8-68C670FCEB92}
		{85C8214D-73F0-49AD-8007-4957F4BE3FDF} = {8D69ABCB-1E55-43F9-B18D-065FF499119A}
		{31C0D77C-0016-42A7-98DA-ECB5EC2217A9} = {58DE1A79-DDFB-4EBE-8F2B-B5C6FC30B022}
		{319FED08-1183-4D5B-AB75-5A82EC8BC5B2} = {58DE1A79-DDFB-4EBE-8F2B-B5C6FC30B022}
		{1F81ABB4-2AC8-48A5-9E9C-C2DA0577A257} = {58DE1A79-DDFB-4EBE-8F2B-B5C6FC30B022}
		{18B2F4E9-5D23-4120-9F2A-7ACE461FD400} = {44C868FD-0568-4C97-B9D8-68C670FCEB92}
		{EE4E7473-F9F8-4DEA-B610-0B9E2F5CCFFB} = {18B2F4E9-5D23-4120-9F2A-7ACE461FD400}
		{8D69ABCB-1E55-43F9-B18D-065FF499119A} = {4A93375C-7079-4EF1-B397-E8B94BF8CE19}
		{57EAF2E2-8A30-423E-B4BE-288920177D13} = {44C868FD-0568-4C97-B9D8-68C670FCEB92}
		{AFB11ED5-DC93-4106-957E-56DD4D8C5233} = {18B2F4E9-5D23-4120-9F2A-7ACE461FD400}
		{6A3998E2-3AAA-4711-AEDB-99A346477EBB} = {D7BEFD75-CC41-4427-980F-A065E095B92A}
		{18763E1E-34DE-434D-91DA-19BBF7222BEC} = {D7BEFD75-CC41-4427-980F-A065E095B92A}
	EndGlobalSection
	GlobalSection(ExtensibilityGlobals) = postSolution
		SolutionGuid = {FA264A04-C94E-43D0-9E8A-D168D1D360BA}
	EndGlobalSection
EndGlobal
