
Microsoft Visual Studio Solution File, Format Version 12.00
# Visual Studio Version 16
VisualStudioVersion = 16.0.29324.140
MinimumVisualStudioVersion = 10.0.40219.1
Project("{FAE04EC0-301F-11D3-BF4B-00C04F79EFBC}") = "ImageProject", "ImageProject\ImageProject.csproj", "{3EED15AB-6AFC-411C-A414-7FBE5890BA5D}"
EndProject
Project("{FAE04EC0-301F-11D3-BF4B-00C04F79EFBC}") = "ImageLib", "ImageLib\ImageLib.csproj", "{46DAB615-5578-4C28-A3C8-328D1807B326}"
EndProject
Project("{FAE04EC0-301F-11D3-BF4B-00C04F79EFBC}") = "Test", "Test\Test.csproj", "{0FD0CC2E-3B9F-42DF-AEC6-3580CF387AA9}"
EndProject
Global
	GlobalSection(SolutionConfigurationPlatforms) = preSolution
		Debug|Any CPU = Debug|Any CPU
		Release|Any CPU = Release|Any CPU
	EndGlobalSection
	GlobalSection(ProjectConfigurationPlatforms) = postSolution
		{3EED15AB-6AFC-411C-A414-7FBE5890BA5D}.Debug|Any CPU.ActiveCfg = Debug|Any CPU
		{3EED15AB-6AFC-411C-A414-7FBE5890BA5D}.Debug|Any CPU.Build.0 = Debug|Any CPU
		{3EED15AB-6AFC-411C-A414-7FBE5890BA5D}.Release|Any CPU.ActiveCfg = Release|Any CPU
		{3EED15AB-6AFC-411C-A414-7FBE5890BA5D}.Release|Any CPU.Build.0 = Release|Any CPU
		{46DAB615-5578-4C28-A3C8-328D1807B326}.Debug|Any CPU.ActiveCfg = Debug|Any CPU
		{46DAB615-5578-4C28-A3C8-328D1807B326}.Debug|Any CPU.Build.0 = Debug|Any CPU
		{46DAB615-5578-4C28-A3C8-328D1807B326}.Release|Any CPU.ActiveCfg = Release|Any CPU
		{46DAB615-5578-4C28-A3C8-328D1807B326}.Release|Any CPU.Build.0 = Release|Any CPU
		{0FD0CC2E-3B9F-42DF-AEC6-3580CF387AA9}.Debug|Any CPU.ActiveCfg = Debug|Any CPU
		{0FD0CC2E-3B9F-42DF-AEC6-3580CF387AA9}.Debug|Any CPU.Build.0 = Debug|Any CPU
		{0FD0CC2E-3B9F-42DF-AEC6-3580CF387AA9}.Release|Any CPU.ActiveCfg = Release|Any CPU
		{0FD0CC2E-3B9F-42DF-AEC6-3580CF387AA9}.Release|Any CPU.Build.0 = Release|Any CPU
	EndGlobalSection
	GlobalSection(SolutionProperties) = preSolution
		HideSolutionNode = FALSE
	EndGlobalSection
	GlobalSection(ExtensibilityGlobals) = postSolution
		SolutionGuid = {FA264A04-C94E-43D0-9E8A-D168D1D360BA}
	EndGlobalSection
EndGlobal
