
Microsoft Visual Studio Solution File, Format Version 12.00
# Visual Studio Version 16
VisualStudioVersion = 16.0.29324.140
MinimumVisualStudioVersion = 10.0.40219.1
Project("{9A19103F-16F7-4668-BE54-9A1E7A4F7556}") = "ImageLib", "ImageLib\ImageLib.csproj", "{46DAB615-5578-4C28-A3C8-328D1807B326}"
EndProject
Project("{9A19103F-16F7-4668-BE54-9A1E7A4F7556}") = "OpenCVSupport", "OpenCVSupport\OpenCVSupport.csproj", "{2BE79234-739F-4104-936F-E7B280A6F487}"
EndProject
Project("{9A19103F-16F7-4668-BE54-9A1E7A4F7556}") = "XUnitTestProject1", "XUnitTestProject1\XUnitTestProject1.csproj", "{5411212D-E265-4217-A96A-47E0E10C3577}"
EndProject
Project("{9A19103F-16F7-4668-BE54-9A1E7A4F7556}") = "ModelView", "ModelView\ModelView.csproj", "{31C0D77C-0016-42A7-98DA-ECB5EC2217A9}"
EndProject
Project("{9A19103F-16F7-4668-BE54-9A1E7A4F7556}") = "ModelBase", "ModelBase\ModelBase.csproj", "{319FED08-1183-4D5B-AB75-5A82EC8BC5B2}"
EndProject
Project("{9A19103F-16F7-4668-BE54-9A1E7A4F7556}") = "Utils", "Utils\Utils.csproj", "{1F81ABB4-2AC8-48A5-9E9C-C2DA0577A257}"
EndProject
Project("{2150E333-8FDC-42A3-9474-1A3956D46DE8}") = "BWork", "BWork", "{58DE1A79-DDFB-4EBE-8F2B-B5C6FC30B022}"
EndProject
Project("{2150E333-8FDC-42A3-9474-1A3956D46DE8}") = "SharedWinForms", "SharedWinForms", "{18B2F4E9-5D23-4120-9F2A-7ACE461FD400}"
EndProject
Project("{D954291E-2A0B-460D-934E-DC6B0785DB48}") = "WinFormsPlatform", "WinFormsPlatform\WinFormsPlatform.shproj", "{EE4E7473-F9F8-4DEA-B610-0B9E2F5CCFFB}"
EndProject
Project("{2150E333-8FDC-42A3-9474-1A3956D46DE8}") = "Core", "Core", "{44C868FD-0568-4C97-B9D8-68C670FCEB92}"
EndProject
Project("{2150E333-8FDC-42A3-9474-1A3956D46DE8}") = "Plugins", "Plugins", "{57EAF2E2-8A30-423E-B4BE-288920177D13}"
EndProject
Project("{D954291E-2A0B-460D-934E-DC6B0785DB48}") = "WinFormsScripting", "WinFormsScripting\WinFormsScripting.shproj", "{AFB11ED5-DC93-4106-957E-56DD4D8C5233}"
EndProject
Global
	GlobalSection(SharedMSBuildProjectFiles) = preSolution
		WinFormsPlatform\WinFormsPlatform.projitems*{31c0d77c-0016-42a7-98da-ecb5ec2217a9}*SharedItemsImports = 5
		WinFormsScripting\WinFormsScripting.projitems*{31c0d77c-0016-42a7-98da-ecb5ec2217a9}*SharedItemsImports = 5
		WinFormsScripting\WinFormsScripting.projitems*{afb11ed5-dc93-4106-957e-56dd4d8c5233}*SharedItemsImports = 13
		WinFormsPlatform\WinFormsPlatform.projitems*{ee4e7473-f9f8-4dea-b610-0b9e2f5ccffb}*SharedItemsImports = 13
	EndGlobalSection
	GlobalSection(SolutionConfigurationPlatforms) = preSolution
		Debug|Any CPU = Debug|Any CPU
		Release|Any CPU = Release|Any CPU
	EndGlobalSection
	GlobalSection(ProjectConfigurationPlatforms) = postSolution
		{46DAB615-5578-4C28-A3C8-328D1807B326}.Debug|Any CPU.ActiveCfg = Debug|Any CPU
		{46DAB615-5578-4C28-A3C8-328D1807B326}.Debug|Any CPU.Build.0 = Debug|Any CPU
		{46DAB615-5578-4C28-A3C8-328D1807B326}.Release|Any CPU.ActiveCfg = Release|Any CPU
		{46DAB615-5578-4C28-A3C8-328D1807B326}.Release|Any CPU.Build.0 = Release|Any CPU
		{2BE79234-739F-4104-936F-E7B280A6F487}.Debug|Any CPU.ActiveCfg = Debug|Any CPU
		{2BE79234-739F-4104-936F-E7B280A6F487}.Debug|Any CPU.Build.0 = Debug|Any CPU
		{2BE79234-739F-4104-936F-E7B280A6F487}.Release|Any CPU.ActiveCfg = Release|Any CPU
		{2BE79234-739F-4104-936F-E7B280A6F487}.Release|Any CPU.Build.0 = Release|Any CPU
		{5411212D-E265-4217-A96A-47E0E10C3577}.Debug|Any CPU.ActiveCfg = Debug|Any CPU
		{5411212D-E265-4217-A96A-47E0E10C3577}.Debug|Any CPU.Build.0 = Debug|Any CPU
		{5411212D-E265-4217-A96A-47E0E10C3577}.Release|Any CPU.ActiveCfg = Release|Any CPU
		{5411212D-E265-4217-A96A-47E0E10C3577}.Release|Any CPU.Build.0 = Release|Any CPU
		{31C0D77C-0016-42A7-98DA-ECB5EC2217A9}.Debug|Any CPU.ActiveCfg = Debug|Any CPU
		{31C0D77C-0016-42A7-98DA-ECB5EC2217A9}.Debug|Any CPU.Build.0 = Debug|Any CPU
		{31C0D77C-0016-42A7-98DA-ECB5EC2217A9}.Release|Any CPU.ActiveCfg = Release|Any CPU
		{31C0D77C-0016-42A7-98DA-ECB5EC2217A9}.Release|Any CPU.Build.0 = Release|Any CPU
		{319FED08-1183-4D5B-AB75-5A82EC8BC5B2}.Debug|Any CPU.ActiveCfg = Debug|Any CPU
		{319FED08-1183-4D5B-AB75-5A82EC8BC5B2}.Debug|Any CPU.Build.0 = Debug|Any CPU
		{319FED08-1183-4D5B-AB75-5A82EC8BC5B2}.Release|Any CPU.ActiveCfg = Release|Any CPU
		{319FED08-1183-4D5B-AB75-5A82EC8BC5B2}.Release|Any CPU.Build.0 = Release|Any CPU
		{1F81ABB4-2AC8-48A5-9E9C-C2DA0577A257}.Debug|Any CPU.ActiveCfg = Debug|Any CPU
		{1F81ABB4-2AC8-48A5-9E9C-C2DA0577A257}.Debug|Any CPU.Build.0 = Debug|Any CPU
		{1F81ABB4-2AC8-48A5-9E9C-C2DA0577A257}.Release|Any CPU.ActiveCfg = Release|Any CPU
		{1F81ABB4-2AC8-48A5-9E9C-C2DA0577A257}.Release|Any CPU.Build.0 = Release|Any CPU
	EndGlobalSection
	GlobalSection(SolutionProperties) = preSolution
		HideSolutionNode = FALSE
	EndGlobalSection
	GlobalSection(NestedProjects) = preSolution
		{46DAB615-5578-4C28-A3C8-328D1807B326} = {44C868FD-0568-4C97-B9D8-68C670FCEB92}
		{2BE79234-739F-4104-936F-E7B280A6F487} = {57EAF2E2-8A30-423E-B4BE-288920177D13}
		{5411212D-E265-4217-A96A-47E0E10C3577} = {44C868FD-0568-4C97-B9D8-68C670FCEB92}
		{31C0D77C-0016-42A7-98DA-ECB5EC2217A9} = {58DE1A79-DDFB-4EBE-8F2B-B5C6FC30B022}
		{319FED08-1183-4D5B-AB75-5A82EC8BC5B2} = {58DE1A79-DDFB-4EBE-8F2B-B5C6FC30B022}
		{1F81ABB4-2AC8-48A5-9E9C-C2DA0577A257} = {58DE1A79-DDFB-4EBE-8F2B-B5C6FC30B022}
		{18B2F4E9-5D23-4120-9F2A-7ACE461FD400} = {44C868FD-0568-4C97-B9D8-68C670FCEB92}
		{EE4E7473-F9F8-4DEA-B610-0B9E2F5CCFFB} = {18B2F4E9-5D23-4120-9F2A-7ACE461FD400}
		{57EAF2E2-8A30-423E-B4BE-288920177D13} = {44C868FD-0568-4C97-B9D8-68C670FCEB92}
		{AFB11ED5-DC93-4106-957E-56DD4D8C5233} = {18B2F4E9-5D23-4120-9F2A-7ACE461FD400}
	EndGlobalSection
	GlobalSection(ExtensibilityGlobals) = postSolution
		SolutionGuid = {FA264A04-C94E-43D0-9E8A-D168D1D360BA}
	EndGlobalSection
	GlobalSection(SharedMSBuildProjectFiles) = preSolution
		D:FTP\source\repos\ImageProject\WinFormsScripting\WinFormsScripting.projitems*{31c0d77c-0016-42a7-98da-ecb5ec2217a9}*SharedItemsImports = 5
		WinFormsPlatform\WinFormsPlatform.projitems*{31c0d77c-0016-42a7-98da-ecb5ec2217a9}*SharedItemsImports = 5
		D:FTP\source\repos\ImageProject\WinFormsScripting\WinFormsScripting.projitems*{5598e715-cbb5-4d26-88fd-af7347438a13}*SharedItemsImports = 5
		WinFormsPlatform\WinFormsPlatform.projitems*{5598e715-cbb5-4d26-88fd-af7347438a13}*SharedItemsImports = 5
		D:FTP\source\repos\ImageProject\WinFormsScripting\WinFormsScripting.projitems*{afb11ed5-dc93-4106-957e-56dd4d8c5233}*SharedItemsImports = 13
		WinFormsPlatform\WinFormsPlatform.projitems*{ee4e7473-f9f8-4dea-b610-0b9e2f5ccffb}*SharedItemsImports = 13
	EndGlobalSection
EndGlobal
